
Microsoft Visual Studio Solution File, Format Version 12.00
# Visual Studio Version 17
VisualStudioVersion = 17.5.33530.505
MinimumVisualStudioVersion = 10.0.40219.1
Project("{FAE04EC0-301F-11D3-BF4B-00C04F79EFBC}") = "ControleFinanceiro", "ControleFinanceiro\ControleFinanceiro.csproj", "{56E2B1DA-8F6C-40C3-895B-84FA73A79F93}"
EndProject
Global
	GlobalSection(SolutionConfigurationPlatforms) = preSolution
		Debug|Any CPU = Debug|Any CPU
		Release|Any CPU = Release|Any CPU
	EndGlobalSection
	GlobalSection(ProjectConfigurationPlatforms) = postSolution
		{56E2B1DA-8F6C-40C3-895B-84FA73A79F93}.Debug|Any CPU.ActiveCfg = Debug|Any CPU
		{56E2B1DA-8F6C-40C3-895B-84FA73A79F93}.Debug|Any CPU.Build.0 = Debug|Any CPU
		{56E2B1DA-8F6C-40C3-895B-84FA73A79F93}.Release|Any CPU.ActiveCfg = Release|Any CPU
		{56E2B1DA-8F6C-40C3-895B-84FA73A79F93}.Release|Any CPU.Build.0 = Release|Any CPU
	EndGlobalSection
	GlobalSection(SolutionProperties) = preSolution
		HideSolutionNode = FALSE
	EndGlobalSection
	GlobalSection(ExtensibilityGlobals) = postSolution
		SolutionGuid = {483C3D84-9204-4C0B-9A4A-5B8D957BF603}
	EndGlobalSection
EndGlobal
